version = 1
revision = 3
requires-python = ">=3.11"

[[package]]
name = "bashlex"
version = "0.18"
source = { registry = "https://pypi.org/simple" }
sdist = { url = "https://files.pythonhosted.org/packages/76/60/aae0bb54f9af5e0128ba90eb83d8d0d506ee8f0475c4fdda3deeda20b1d2/bashlex-0.18.tar.gz", hash = "sha256:5bb03a01c6d5676338c36fd1028009c8ad07e7d61d8a1ce3f513b7fff52796ee", size = 68742, upload-time = "2023-01-18T15:21:26.402Z" }
wheels = [
    { url = "https://files.pythonhosted.org/packages/f4/be/6985abb1011fda8a523cfe21ed9629e397d6e06fb5bae99750402b25c95b/bashlex-0.18-py2.py3-none-any.whl", hash = "sha256:91d73a23a3e51711919c1c899083890cdecffc91d8c088942725ac13e9dcfffa", size = 69539, upload-time = "2023-01-18T15:21:24.167Z" },
]

[[package]]
name = "bracex"
version = "3.0.1"
source = { registry = "https://pypi.org/simple" }
sdist = { url = "https://files.pythonhosted.org/packages/ac/01/5f394b8bcd6e5b92f73130990960423bbb19711f906bd9fe9ea5557c667c/bracex-3.0.1.tar.gz", hash = "sha256:4e38e32392e4a4780fe15d644bfc7c8514057cfc3861e060b11814ce829c25e4", size = 44019, upload-time = "2026-07-20T13:43:00.335Z" }
wheels = [
    { url = "https://files.pythonhosted.org/packages/b8/8f/6f7273a7adb8d73fc8d21ede4376a3e475e52f98435c6007f69100dec8ca/bracex-3.0.1-py3-none-any.whl", hash = "sha256:6523ad83aeb5098a4ee597cff0f964442ff74e460bd3fafaffab6a013ff2288c", size = 11940, upload-time = "2026-07-20T13:42:59.268Z" },
]

[[package]]
name = "build"
version = "1.5.0"
source = { registry = "https://pypi.org/simple" }
dependencies = [
    { name = "colorama", marker = "os_name == 'nt'" },
    { name = "packaging" },
    { name = "pyproject-hooks" },
]
sdist = { url = "https://files.pythonhosted.org/packages/78/e0/df5e171f685f82f37b12e1f208064e24244911079d7b767447d1af7e0d70/build-1.5.0.tar.gz", hash = "sha256:302c22c3ba2a0fd5f3911918651341ebb3896176cbdec15bd421f80b1afc7647", size = 89796, upload-time = "2026-04-30T03:18:25.17Z" }
wheels = [
    { url = "https://files.pythonhosted.org/packages/0d/fe/6bea5c9162869c5beba5d9c8abbed835ec85bf1ec1fba05a3822325c45f3/build-1.5.0-py3-none-any.whl", hash = "sha256:13f3eecb844759ab66efec90ca17639bbf14dc06cb2fdf37a9010322d9c50a6f", size = 26018, upload-time = "2026-04-30T03:18:23.644Z" },
]

[[package]]
name = "certifi"
version = "2026.7.22"
source = { registry = "https://pypi.org/simple" }
sdist = { url = "https://files.pythonhosted.org/packages/a3/c2/24167ea9858356b47a87a50d39908bfdb72ceeefe0041586e704e5376b3a/certifi-2026.7.22.tar.gz", hash = "sha256:741e2c3b351ddf169a738da9f2c048608ff7f2c5cc02f1ebc6b118bb090d5d55", size = 138112, upload-time = "2026-07-22T03:35:12.644Z" }
wheels = [
    { url = "https://files.pythonhosted.org/packages/0b/a7/71ac2cff56fec219ed242bb11b8efb69fcc4bec75db06fb7bfe35de520e6/certifi-2026.7.22-py3-none-any.whl", hash = "sha256:62f22742b58a1a33014a2b6b706588a8d7e2a88ae7bd1a6ebe8c992928483775", size = 136983, upload-time = "2026-07-22T03:35:11.276Z" },
]

[[package]]
name = "cibuildwheel"
version = "4.1.0"
source = { registry = "https://pypi.org/simple" }
dependencies = [
    { name = "bashlex" },
    { name = "bracex" },
    { name = "build" },
    { name = "certifi" },
    { name = "dependency-groups" },
    { name = "filelock" },
    { name = "humanize" },
    { name = "packaging" },
    { name = "platformdirs" },
]
sdist = { url = "https://files.pythonhosted.org/packages/3f/ae/135d31add82bb22eb49e3828726e71150be45013802becb2992956b8e655/cibuildwheel-4.1.0.tar.gz", hash = "sha256:aac6f526c0c06039feedd09f9bbceb989ab244ef0543eaea84c8abdeafb81858", size = 446157, upload-time = "2026-06-12T16:04:02.921Z" }
wheels = [
    { url = "https://files.pythonhosted.org/packages/73/3f/20c00404a019b19f1d317f78a8364db3d86021c6c921d0969d1be9067051/cibuildwheel-4.1.0-py3-none-any.whl", hash = "sha256:b9dabe7713f16aec4e7064d031daa2da010e7431d58964e0b97b3eb346952454", size = 164664, upload-time = "2026-06-12T16:04:01.25Z" },
]

[[package]]
name = "colorama"
version = "0.4.6"
source = { registry = "https://pypi.org/simple" }
sdist = { url = "https://files.pythonhosted.org/packages/d8/53/6f443c9a4a8358a93a6792e2acffb9d9d5cb0a5cfd8802644b7b1c9a02e4/colorama-0.4.6.tar.gz", hash = "sha256:08695f5cb7ed6e0531a20572697297273c47b8cae5a63ffc6d6ed5c201be6e44", size = 27697, upload-time = "2022-10-25T02:36:22.414Z" }
wheels = [
    { url = "https://files.pythonhosted.org/packages/d1/d6/3965ed04c63042e047cb6a3e6ed1a63a35087b6a609aa3a15ed8ac56c221/colorama-0.4.6-py2.py3-none-any.whl", hash = "sha256:4f1d9991f5acc0ca119f9d443620b77f9d6b33703e51011c16baf57afb285fc6", size = 25335, upload-time = "2022-10-25T02:36:20.889Z" },
]

[[package]]
name = "cython"
version = "3.2.9"
source = { registry = "https://pypi.org/simple" }
sdist = { url = "https://files.pythonhosted.org/packages/f6/de/db48b8870e766cfea809986cc50c1e986c663a9ab7bafd0ac1a2512c4a26/cython-3.2.9.tar.gz", hash = "sha256:d249c9022ab13286b17bd66f30609e800c5f95efeecb06168990c7a66cecde6c", size = 3293493, upload-time = "2026-07-24T06:21:21.867Z" }
wheels = [
    { url = "https://files.pythonhosted.org/packages/fc/97/2f477d30fc6ca0ff333552233aa6dee0e57323a55913f84f24da9cac26fc/cython-3.2.9-cp311-cp311-macosx_11_0_arm64.whl", hash = "sha256:e8ec2d5a7b798c84d6779e7ca5318fd928b8fe9dd021106d714dc2e77cdc7555", size = 2992696, upload-time = "2026-07-24T06:21:44.931Z" },
    { url = "https://files.pythonhosted.org/packages/0a/bf/0f280f7960c129957d2ce650e7fd7dec8e706c26d61a428e93927f4c9904/cython-3.2.9-cp311-cp311-manylinux2014_aarch64.manylinux_2_17_aarch64.manylinux_2_28_aarch64.whl", hash = "sha256:cac792b0bde1c86d8f832e513cd061b7e682181cc5a6d843d487e6c8ae9d5fcb", size = 3307656, upload-time = "2026-07-24T06:21:46.649Z" },
    { url = "https://files.pythonhosted.org/packages/ac/cd/6d7c35a1065f1a07c9fa5ec784ee562f32f36a8fd05748e5f10694887eb7/cython-3.2.9-cp311-cp311-manylinux2014_x86_64.manylinux_2_17_x86_64.manylinux_2_28_x86_64.whl", hash = "sha256:8c843dd85857cd0d0da055489f448d032866120cfb094ce16205a1ff54d06353", size = 3459259, upload-time = "2026-07-24T06:21:48.881Z" },
    { url = "https://files.pythonhosted.org/packages/9f/f6/c1ad54ec35fcd5c5a5808d8b5b6319d5ae96acc63f7b5c1f7812f8cc3f71/cython-3.2.9-cp311-cp311-win_amd64.whl", hash = "sha256:efd54fe07f808e7e82f6a04f370457ca02e770c948f0e2f83345ccc7ec8bb829", size = 2789027, upload-time = "2026-07-24T06:21:50.551Z" },
    { url = "https://files.pythonhosted.org/packages/fd/37/c74d842306c8fe381c415b37460d5e3086a820fac72b8ff5cb48513ccfcd/cython-3.2.9-cp312-cp312-macosx_11_0_arm64.whl", hash = "sha256:114b2dee0fa1daa48a59574d848da0ff1b6bdb725a755e9b92fad14962e1ff8d", size = 3009571, upload-time = "2026-07-24T06:21:52.534Z" },
    { url = "https://files.pythonhosted.org/packages/15/c0/f7c42b161edd585e3ae556fd62a2c72cd80a6ed527a9907f0c5c6fb060de/cython-3.2.9-cp312-cp312-manylinux2014_aarch64.manylinux_2_17_aarch64.manylinux_2_28_aarch64.whl", hash = "sha256:a5cd9c5f138cb052130b40ad3b6976d2180c35348410995812678f4636bd8f94", size = 3183562, upload-time = "2026-07-24T06:21:54.62Z" },
    { url = "https://files.pythonhosted.org/packages/56/1b/c04520ac7f3157aa12a69b632c16261170dac9fab6c48608cc004b8f1b17/cython-3.2.9-cp312-cp312-manylinux2014_x86_64.manylinux_2_17_x86_64.manylinux_2_28_x86_64.whl", hash = "sha256:23e80bc885c599e72072e18d0746df82d394b73100c1e153cda7359e6e59fe09", size = 3354811, upload-time = "2026-07-24T06:21:56.72Z" },
    { url = "https://files.pythonhosted.org/packages/0b/b5/4ce33235a25b19fcd51dc639f0f403b783a3b7f9b1934eade0d993fbe029/cython-3.2.9-cp312-cp312-win_amd64.whl", hash = "sha256:4b1fd5a9c03f72a18618668a8e90d569442ed742f910e3ad003dcc9348e9598b", size = 2778077, upload-time = "2026-07-24T06:21:58.7Z" },
    { url = "https://files.pythonhosted.org/packages/83/fa/7ffbaab88558e28411715ad35d913cac7d64ee965344c185325da84c4309/cython-3.2.9-cp313-cp313-macosx_11_0_arm64.whl", hash = "sha256:44b7fc417933d65bf31bce00337ff318efa3ea59daed21d10fe842d41e657c08", size = 2998816, upload-time = "2026-07-24T06:22:00.822Z" },
    { url = "https://files.pythonhosted.org/packages/04/69/feed68904f389452494d9e0861c24228c0bda656f9fbd32f9e5b525b2ef4/cython-3.2.9-cp313-cp313-manylinux2014_aarch64.manylinux_2_17_aarch64.manylinux_2_28_aarch64.whl", hash = "sha256:41637c644d7224d2d3170ee312077c2173693f0d4a0da1c82a0cffa3680a42dc", size = 3185802, upload-time = "2026-07-24T06:22:02.831Z" },
    { url = "https://files.pythonhosted.org/packages/f0/0d/a7f094343e5c4925efac60e6dbdcf8602042e7f54c83ae14ccbc8033d2d9/cython-3.2.9-cp313-cp313-manylinux2014_x86_64.manylinux_2_17_x86_64.manylinux_2_28_x86_64.whl", hash = "sha256:f815cd3387bd88ca9eeabc357ce4bdf884eef0ab2949db0fbd5e0b69fe5ee422", size = 3360405, upload-time = "2026-07-24T06:22:04.645Z" },
    { url = "https://files.pythonhosted.org/packages/3f/ba/a5c25226e29cb4f3a2c97d2b29de10e37c8a6b67b3c2f2a8b16ba713b218/cython-3.2.9-cp313-cp313-win_amd64.whl", hash = "sha256:ddb43637b7749b88644df4319e1c36f767e7fb71a92bb9942558c8de2f1cc5f4", size = 2774714, upload-time = "2026-07-24T06:22:06.953Z" },
    { url = "https://files.pythonhosted.org/packages/3c/69/e5969fa87c7b8833f62fe790e1617a1391112fa55fe12079c41a4553119c/cython-3.2.9-cp314-cp314-macosx_11_0_arm64.whl", hash = "sha256:63a42e131112072f912b66734088abc946c6bc42cb7454461a6dfdd2d09d3bae", size = 3013040, upload-time = "2026-07-24T06:22:08.9Z" },
    { url = "https://files.pythonhosted.org/packages/b4/98/8eaceeec00d4f9cc75e3106397c005952e0d710332c4966215b8a110a522/cython-3.2.9-cp314-cp314-manylinux2014_aarch64.manylinux_2_17_aarch64.manylinux_2_28_aarch64.whl", hash = "sha256:f25b402a6f1eed34af2af57603a9aadcf594dacaced1655e925eb317fba3f337", size = 3231531, upload-time = "2026-07-24T06:22:11.028Z" },
    { url = "https://files.pythonhosted.org/packages/94/a4/1e03a0c115afa9de7b06891721d6489d6a05f78934a6897a0f5a409ee2f5/cython-3.2.9-cp314-cp314-manylinux2014_x86_64.manylinux_2_17_x86_64.manylinux_2_28_x86_64.whl", hash = "sha256:9d3cba9c4770cf76370fead8d2ae71bc474f3ef67ae4119e455d025726bcdc1c", size = 3372818, upload-time = "2026-07-24T06:22:12.97Z" },
    { url = "https://files.pythonhosted.org/packages/1b/04/b5c4d76723824d84e3761718c51964f7829335ee1c7c16b69f11b111adf0/cython-3.2.9-cp314-cp314-win_amd64.whl", hash = "sha256:56d95c0674c25f281c6ae8f1d17bd425d6c2818bb304ff781831bb5d00d04b0b", size = 2812223, upload-time = "2026-07-24T06:22:14.9Z" },
    { url = "https://files.pythonhosted.org/packages/0a/4a/342312c5fe021c8e0c386e1915d138e0902c48ae179b0374ab04773a8831/cython-3.2.9-cp39-abi3-macosx_10_9_x86_64.whl", hash = "sha256:944dc8747f640b3527649c566a5fc75ee0c15e80642ea2fdae4fe6378e1a9d4a", size = 2899729, upload-time = "2026-07-24T06:22:24.877Z" },
    { url = "https://files.pythonhosted.org/packages/f0/62/ea919ee426cb4d435ec8155e1ee6bcbb46b20d8f070527191b59769d4e7f/cython-3.2.9-cp39-abi3-manylinux1_i686.manylinux_2_28_i686.manylinux_2_5_i686.whl", hash = "sha256:4b871ad97dd7fb1cbf56f6238c54423febd310afc1d9d9bc70c69c89b7ce57fc", size = 3226650, upload-time = "2026-07-24T06:22:26.947Z" },
    { url = "https://files.pythonhosted.org/packages/18/02/057b4f63e2ced8c3cf217c4e9fb544bfe48145f493347c7ca3f51607526c/cython-3.2.9-cp39-abi3-manylinux2014_armv7l.manylinux_2_17_armv7l.manylinux_2_31_armv7l.whl", hash = "sha256:e9b6ebc6c74b4318eaa4e51e520dc8b95ebc7b262953c3ecb24131104681f14e", size = 2881919, upload-time = "2026-07-24T06:22:29.318Z" },
    { url = "https://files.pythonhosted.org/packages/64/e4/e158793ee3de7e4417ba17e7ff1015d6e2cf557cb485ad270b2446c9d1c7/cython-3.2.9-cp39-abi3-musllinux_1_2_aarch64.whl", hash = "sha256:92989da161a7d18a7ad4baebc49289b2b77556d5a94916f90140ba26aecf6892", size = 3004702, upload-time = "2026-07-24T06:22:31.535Z" },
    { url = "https://files.pythonhosted.org/packages/f9/c0/d5bbbd743ab4feddb24a7e823b34c3ec4ebab91ff503d16743a4e7ce106b/cython-3.2.9-cp39-abi3-musllinux_1_2_armv7l.whl", hash = "sha256:e75ec625d8f8781ced690b7a2f5c2d138067711cf24bb8fb68c872c30c2fefe5", size = 2902695, upload-time = "2026-07-24T06:22:33.525Z" },
    { url = "https://files.pythonhosted.org/packages/d6/2f/80850817395985259f135baa510d9186d3a325df81cd1862060bba977029/cython-3.2.9-cp39-abi3-musllinux_1_2_i686.whl", hash = "sha256:2b1756ddc3bc0cd4341a515fc420c3e25e13c249f5537159b3fb0bff8d19e55c", size = 3241554, upload-time = "2026-07-24T06:22:35.667Z" },
    { url = "https://files.pythonhosted.org/packages/4c/ce/6be776814f6cb81751f3da737ed537385738148e1ea99f89fb4637799198/cython-3.2.9-cp39-abi3-musllinux_1_2_x86_64.whl", hash = "sha256:7d41baea51ea00f9237f75af498577827493bca5e9b45bbd4e351543727e589a", size = 3124337, upload-time = "2026-07-24T06:22:37.868Z" },
    { url = "https://files.pythonhosted.org/packages/e2/48/27c948cbbfe6050994e67a497ae530955dcda7e79084319321c49969e0fd/cython-3.2.9-cp39-abi3-win32.whl", hash = "sha256:61d4abbf84f77c8d19361d05d9f51d65d8d95e74f736eae55fa1aed8a1430469", size = 2435609, upload-time = "2026-07-24T06:22:40.005Z" },
    { url = "https://files.pythonhosted.org/packages/17/ef/cf0e1bd7542296f1752be63b027f90271448d8c8062eac66d8e44a79b883/cython-3.2.9-cp39-abi3-win_arm64.whl", hash = "sha256:57a6a78d14f7dd7d6062d9bca694e2a8c1c14113b6ceceea076abcd1161fdc5a", size = 2458025, upload-time = "2026-07-24T06:22:41.973Z" },
    { url = "https://files.pythonhosted.org/packages/00/ec/e61deec9bcfbb0e1b36f8b5ba75cb44644419b4bfd0fdd666bffd21d9579/cython-3.2.9-py3-none-any.whl", hash = "sha256:a2b0e87f6b80790c929308ca0831d686f7a180feab684fe8cd4a4380bd96aaca", size = 1259272, upload-time = "2026-07-24T06:21:18.95Z" },
]

[[package]]
name = "cython-lint"
version = "0.21.0"
source = { registry = "https://pypi.org/simple" }
dependencies = [
    { name = "cython" },
    { name = "pycodestyle" },
    { name = "tokenize-rt" },
]
sdist = { url = "https://files.pythonhosted.org/packages/3e/fb/6f9faa66a488110e555667a4eb803c2b34abd2039d9974c9a971b22de413/cython_lint-0.21.0.tar.gz", hash = "sha256:d4c4e58fd3770fa7fb6db9084735be1d1ba2b9c01618f939ccb568033964beba", size = 29055, upload-time = "2026-06-21T11:36:44.421Z" }
wheels = [
    { url = "https://files.pythonhosted.org/packages/09/fa/94f7b38bdc810c31f0b817acecdb9eba1160105794a2fd9c563b6b22c190/cython_lint-0.21.0-py3-none-any.whl", hash = "sha256:49796d815fd1ca93b9dff15de30c502a99164519c6a36901584a7e41ac8132ac", size = 14263, upload-time = "2026-06-21T11:36:43.277Z" },
]

[[package]]
name = "dependency-groups"
version = "1.3.1"
source = { registry = "https://pypi.org/simple" }
dependencies = [
    { name = "packaging" },
]
sdist = { url = "https://files.pythonhosted.org/packages/62/55/f054de99871e7beb81935dea8a10b90cd5ce42122b1c3081d5282fdb3621/dependency_groups-1.3.1.tar.gz", hash = "sha256:78078301090517fd938c19f64a53ce98c32834dfe0dee6b88004a569a6adfefd", size = 10093, upload-time = "2025-05-02T00:34:29.452Z" }
wheels = [
    { url = "https://files.pythonhosted.org/packages/99/c7/d1ec24fb280caa5a79b6b950db565dab30210a66259d17d5bb2b3a9f878d/dependency_groups-1.3.1-py3-none-any.whl", hash = "sha256:51aeaa0dfad72430fcfb7bcdbefbd75f3792e5919563077f30bc0d73f4493030", size = 8664, upload-time = "2025-05-02T00:34:27.085Z" },
]

[[package]]
name = "filelock"
version = "3.32.0"
source = { registry = "https://pypi.org/simple" }
sdist = { url = "https://files.pythonhosted.org/packages/c0/80/8232b582c4b318b817cf1274ba74976b07b34d35ef439b3eb948f98645a1/filelock-3.32.0.tar.gz", hash = "sha256:7be2ad23a14607ccc71808e68fe30848aeace7058ace17852f68e2a68e310402", size = 213757, upload-time = "2026-07-21T13:17:42.898Z" }
wheels = [
    { url = "https://files.pythonhosted.org/packages/06/79/b4c714bef36bc4ec2beeae1e0c124f0223888cd8c6feb1cdc56038116920/filelock-3.32.0-py3-none-any.whl", hash = "sha256:d396bea984af47333ef05e50eae7eff88c84256de6112aea0ec48a233c064fe3", size = 97732, upload-time = "2026-07-21T13:17:41.55Z" },
]

[[package]]
name = "humanize"
version = "4.16.0"
source = { registry = "https://pypi.org/simple" }
sdist = { url = "https://files.pythonhosted.org/packages/0a/ea/13a1ef3c12d12662905801495283530251918b70d62d368f1d2e0272c70d/humanize-4.16.0.tar.gz", hash = "sha256:7dc2244a2f84a4bfb1d36c37bac80cd78e35cdc5c119206d87b018e1445f3a3f", size = 89515, upload-time = "2026-06-30T16:17:29.859Z" }
wheels = [
    { url = "https://files.pythonhosted.org/packages/b0/aa/0b7365d30fed43e7a3449aba1fe20a0a7174d9cf13e282af4e69ac825441/humanize-4.16.0-py3-none-any.whl", hash = "sha256:353eb2f34c09d098b2880eee8bef21832eae6d174f48c5762fff7e5fcb74d01d", size = 137209, upload-time = "2026-06-30T16:17:28.36Z" },
]

[[package]]
name = "packaging"
version = "26.2"
source = { registry = "https://pypi.org/simple" }
sdist = { url = "https://files.pythonhosted.org/packages/d7/f1/e7a6dd94a8d4a5626c03e4e99c87f241ba9e350cd9e6d75123f992427270/packaging-26.2.tar.gz", hash = "sha256:ff452ff5a3e828ce110190feff1178bb1f2ea2281fa2075aadb987c2fb221661", size = 228134, upload-time = "2026-04-24T20:15:23.917Z" }
wheels = [
    { url = "https://files.pythonhosted.org/packages/df/b2/87e62e8c3e2f4b32e5fe99e0b86d576da1312593b39f47d8ceef365e95ed/packaging-26.2-py3-none-any.whl", hash = "sha256:5fc45236b9446107ff2415ce77c807cee2862cb6fac22b8a73826d0693b0980e", size = 100195, upload-time = "2026-04-24T20:15:22.081Z" },
]

[[package]]
name = "platformdirs"
version = "4.11.0"
source = { registry = "https://pypi.org/simple" }
sdist = { url = "https://files.pythonhosted.org/packages/78/9b/560e4be8e26f6fd133a03630a8df0c663b9e8d61b4ade152b72005aec83b/platformdirs-4.11.0.tar.gz", hash = "sha256:0555d18370482847566ffabcaa53ad7c6c1c29f195989ae1ed634a05f76ea1e0", size = 31953, upload-time = "2026-07-21T13:09:36.565Z" }
wheels = [
    { url = "https://files.pythonhosted.org/packages/7d/68/d8d58938dfb1370b266a1a729e6d77a985be23689a0496498ee17b2cbf90/platformdirs-4.11.0-py3-none-any.whl", hash = "sha256:360ccded2b7fce0af0ff80cc8f5942a1c5d99b0e856033acb030bfc634709e74", size = 23247, upload-time = "2026-07-21T13:09:35.422Z" },
]

[[package]]
name = "py-ballisticcalc-exts"
source = { editable = "." }

[package.optional-dependencies]
dev = [
    { name = "cython" },
    { name = "cython-lint" },
]

[package.dev-dependencies]
dev = [
    { name = "cibuildwheel" },
    { name = "cython" },
]

[package.metadata]
requires-dist = [
    { name = "cython", marker = "extra == 'dev'", specifier = ">=3.2.9" },
    { name = "cython-lint", marker = "extra == 'dev'", specifier = ">=0.21.0" },
]
provides-extras = ["dev"]

[package.metadata.requires-dev]
dev = [
    { name = "cibuildwheel", specifier = ">=4.1.0" },
    { name = "cython", specifier = ">=3.2.9" },
]

[[package]]
name = "pycodestyle"
version = "2.14.0"
source = { registry = "https://pypi.org/simple" }
sdist = { url = "https://files.pythonhosted.org/packages/11/e0/abfd2a0d2efe47670df87f3e3a0e2edda42f055053c85361f19c0e2c1ca8/pycodestyle-2.14.0.tar.gz", hash = "sha256:c4b5b517d278089ff9d0abdec919cd97262a3367449ea1c8b49b91529167b783", size = 39472, upload-time = "2025-06-20T18:49:48.75Z" }
wheels = [
    { url = "https://files.pythonhosted.org/packages/d7/27/a58ddaf8c588a3ef080db9d0b7e0b97215cee3a45df74f3a94dbbf5c893a/pycodestyle-2.14.0-py2.py3-none-any.whl", hash = "sha256:dd6bf7cb4ee77f8e016f9c8e74a35ddd9f67e1d5fd4184d86c3b98e07099f42d", size = 31594, upload-time = "2025-06-20T18:49:47.491Z" },
]

[[package]]
name = "pyproject-hooks"
version = "1.2.0"
source = { registry = "https://pypi.org/simple" }
sdist = { url = "https://files.pythonhosted.org/packages/e7/82/28175b2414effca1cdac8dc99f76d660e7a4fb0ceefa4b4ab8f5f6742925/pyproject_hooks-1.2.0.tar.gz", hash = "sha256:1e859bd5c40fae9448642dd871adf459e5e2084186e8d2c2a79a824c970da1f8", size = 19228, upload-time = "2024-09-29T09:24:13.293Z" }
wheels = [
    { url = "https://files.pythonhosted.org/packages/bd/24/12818598c362d7f300f18e74db45963dbcb85150324092410c8b49405e42/pyproject_hooks-1.2.0-py3-none-any.whl", hash = "sha256:9e5c6bfa8dcc30091c74b0cf803c81fdd29d94f01992a7707bc97babb1141913", size = 10216, upload-time = "2024-09-29T09:24:11.978Z" },
]

[[package]]
name = "tokenize-rt"
version = "6.2.0"
source = { registry = "https://pypi.org/simple" }
sdist = { url = "https://files.pythonhosted.org/packages/69/ed/8f07e893132d5051d86a553e749d5c89b2a4776eb3a579b72ed61f8559ca/tokenize_rt-6.2.0.tar.gz", hash = "sha256:8439c042b330c553fdbe1758e4a05c0ed460dbbbb24a606f11f0dee75da4cad6", size = 5476, upload-time = "2025-05-23T23:48:00.035Z" }
wheels = [
    { url = "https://files.pythonhosted.org/packages/33/f0/3fe8c6e69135a845f4106f2ff8b6805638d4e85c264e70114e8126689587/tokenize_rt-6.2.0-py2.py3-none-any.whl", hash = "sha256:a152bf4f249c847a66497a4a95f63376ed68ac6abf092a2f7cfb29d044ecff44", size = 6004, upload-time = "2025-05-23T23:47:58.812Z" },
]
