version = 1
revision = 3
requires-python = ">=3.11"

[[package]]
name = "bashlex"
version = "0.18"
source = { registry = "https://pypi.org/simple" }
sdist = { url = "https://files.pythonhosted.org/packages/76/60/aae0bb54f9af5e0128ba90eb83d8d0d506ee8f0475c4fdda3deeda20b1d2/bashlex-0.18.tar.gz", hash = "sha256:5bb03a01c6d5676338c36fd1028009c8ad07e7d61d8a1ce3f513b7fff52796ee", size = 68742, upload-time = "2023-01-18T15:21:26.402Z" }
wheels = [
    { url = "https://files.pythonhosted.org/packages/f4/be/6985abb1011fda8a523cfe21ed9629e397d6e06fb5bae99750402b25c95b/bashlex-0.18-py2.py3-none-any.whl", hash = "sha256:91d73a23a3e51711919c1c899083890cdecffc91d8c088942725ac13e9dcfffa", size = 69539, upload-time = "2023-01-18T15:21:24.167Z" },
]

[[package]]
name = "bracex"
version = "3.0.1"
source = { registry = "https://pypi.org/simple" }
sdist = { url = "https://files.pythonhosted.org/packages/ac/01/5f394b8bcd6e5b92f73130990960423bbb19711f906bd9fe9ea5557c667c/bracex-3.0.1.tar.gz", hash = "sha256:4e38e32392e4a4780fe15d644bfc7c8514057cfc3861e060b11814ce829c25e4", size = 44019, upload-time = "2026-07-20T13:43:00.335Z" }
wheels = [
    { url = "https://files.pythonhosted.org/packages/b8/8f/6f7273a7adb8d73fc8d21ede4376a3e475e52f98435c6007f69100dec8ca/bracex-3.0.1-py3-none-any.whl", hash = "sha256:6523ad83aeb5098a4ee597cff0f964442ff74e460bd3fafaffab6a013ff2288c", size = 11940, upload-time = "2026-07-20T13:42:59.268Z" },
]

[[package]]
name = "build"
version = "1.5.0"
source = { registry = "https://pypi.org/simple" }
dependencies = [
    { name = "colorama", marker = "os_name == 'nt'" },
    { name = "packaging" },
    { name = "pyproject-hooks" },
]
sdist = { url = "https://files.pythonhosted.org/packages/78/e0/df5e171f685f82f37b12e1f208064e24244911079d7b767447d1af7e0d70/build-1.5.0.tar.gz", hash = "sha256:302c22c3ba2a0fd5f3911918651341ebb3896176cbdec15bd421f80b1afc7647", size = 89796, upload-time = "2026-04-30T03:18:25.17Z" }
wheels = [
    { url = "https://files.pythonhosted.org/packages/0d/fe/6bea5c9162869c5beba5d9c8abbed835ec85bf1ec1fba05a3822325c45f3/build-1.5.0-py3-none-any.whl", hash = "sha256:13f3eecb844759ab66efec90ca17639bbf14dc06cb2fdf37a9010322d9c50a6f", size = 26018, upload-time = "2026-04-30T03:18:23.644Z" },
]

[[package]]
name = "certifi"
version = "2026.7.22"
source = { registry = "https://pypi.org/simple" }
sdist = { url = "https://files.pythonhosted.org/packages/a3/c2/24167ea9858356b47a87a50d39908bfdb72ceeefe0041586e704e5376b3a/certifi-2026.7.22.tar.gz", hash = "sha256:741e2c3b351ddf169a738da9f2c048608ff7f2c5cc02f1ebc6b118bb090d5d55", size = 138112, upload-time = "2026-07-22T03:35:12.644Z" }
wheels = [
    { url = "https://files.pythonhosted.org/packages/0b/a7/71ac2cff56fec219ed242bb11b8efb69fcc4bec75db06fb7bfe35de520e6/certifi-2026.7.22-py3-none-any.whl", hash = "sha256:62f22742b58a1a33014a2b6b706588a8d7e2a88ae7bd1a6ebe8c992928483775", size = 136983, upload-time = "2026-07-22T03:35:11.276Z" },
]

[[package]]
name = "cibuildwheel"
version = "4.2.0"
source = { registry = "https://pypi.org/simple" }
dependencies = [
    { name = "bashlex" },
    { name = "bracex" },
    { name = "build" },
    { name = "certifi" },
    { name = "dependency-groups" },
    { name = "filelock" },
    { name = "humanize" },
    { name = "packaging" },
    { name = "platformdirs" },
]
sdist = { url = "https://files.pythonhosted.org/packages/a8/b5/68696cc0023dcde3dc5f9f94f7aa3d319fe8f47ad80ba12224f90c837fcb/cibuildwheel-4.2.0.tar.gz", hash = "sha256:a018495ace49e84422ef89c01891439ee0fd00cebd3758b9a879415ff4892d97", size = 455959, upload-time = "2026-08-05T02:25:04.579Z" }
wheels = [
    { url = "https://files.pythonhosted.org/packages/15/ef/217ba042d73ac2d7500794993069cde78551f538a75c67626929a8587f80/cibuildwheel-4.2.0-py3-none-any.whl", hash = "sha256:4c7d6fc52cf5422c944aed86bc531f15e2279b91ff2c5e9e6fed9d6e3eefc635", size = 167818, upload-time = "2026-08-05T02:25:02.833Z" },
]

[[package]]
name = "colorama"
version = "0.4.6"
source = { registry = "https://pypi.org/simple" }
sdist = { url = "https://files.pythonhosted.org/packages/d8/53/6f443c9a4a8358a93a6792e2acffb9d9d5cb0a5cfd8802644b7b1c9a02e4/colorama-0.4.6.tar.gz", hash = "sha256:08695f5cb7ed6e0531a20572697297273c47b8cae5a63ffc6d6ed5c201be6e44", size = 27697, upload-time = "2022-10-25T02:36:22.414Z" }
wheels = [
    { url = "https://files.pythonhosted.org/packages/d1/d6/3965ed04c63042e047cb6a3e6ed1a63a35087b6a609aa3a15ed8ac56c221/colorama-0.4.6-py2.py3-none-any.whl", hash = "sha256:4f1d9991f5acc0ca119f9d443620b77f9d6b33703e51011c16baf57afb285fc6", size = 25335, upload-time = "2022-10-25T02:36:20.889Z" },
]

[[package]]
name = "cython"
version = "3.3.0"
source = { registry = "https://pypi.org/simple" }
sdist = { url = "https://files.pythonhosted.org/packages/a9/d8/4981ef716ad0e3ff0d3ef383aefc6b03c4a88dee33b272bf8e0d833001ca/cython-3.3.0.tar.gz", hash = "sha256:eed0d93fbca7087f143b42c34b05a825849bdf17f101572c2105acfa49aa88b8", size = 3727515, upload-time = "2026-08-22T05:16:39.493Z" }
wheels = [
    { url = "https://files.pythonhosted.org/packages/af/67/dffaf12b7203f7e936d98b967e065c50a7883f152c51ded44ed8762128f4/cython-3.3.0-cp311-cp311-macosx_11_0_arm64.whl", hash = "sha256:ec09dbf73ff4f7be2b339b995fadae9c4bb517bbbed7ec11d6fe99c2092b48fd", size = 3134644, upload-time = "2026-08-22T05:16:59.112Z" },
    { url = "https://files.pythonhosted.org/packages/6a/f2/9dc6a3bad9c9d11bf31903321553820a661ce00319a57c4181bf0dcb87f4/cython-3.3.0-cp311-cp311-manylinux2014_aarch64.manylinux_2_17_aarch64.manylinux_2_28_aarch64.whl", hash = "sha256:11e437f086affee8051cec4bb531be3edb646ab66e325154aa6849377f365033", size = 3346108, upload-time = "2026-08-22T05:17:01.082Z" },
    { url = "https://files.pythonhosted.org/packages/3f/9b/dd726d11b2aff24f0c3fa68ce9e3934097a058aca471a8cc9888aeae5471/cython-3.3.0-cp311-cp311-manylinux2014_x86_64.manylinux_2_17_x86_64.manylinux_2_28_x86_64.whl", hash = "sha256:e6035b5231a9316edc19d6415f4296fd1d0370e2a165a714b3edc167b9ca00e1", size = 3479260, upload-time = "2026-08-22T05:17:03.476Z" },
    { url = "https://files.pythonhosted.org/packages/43/55/7408773fdadb2b3434501109696533555ba89f233366519c661372c69098/cython-3.3.0-cp311-cp311-win_amd64.whl", hash = "sha256:8566ea804cfc265f5e9dda71d1b716aa24ee4c3423a5da4b28a248a78c33e3f9", size = 2862883, upload-time = "2026-08-22T05:17:06.008Z" },
    { url = "https://files.pythonhosted.org/packages/da/0f/95bad838a80ac52c9e982dad00bd9a0b2bad57fb4c688e5f53ac3ef65ff0/cython-3.3.0-cp312-cp312-macosx_11_0_arm64.whl", hash = "sha256:03bc5333932f5dda3ba9315298ecdd21daa1b58410bb1f8ce04c78ec8337130a", size = 3143472, upload-time = "2026-08-22T05:17:07.956Z" },
    { url = "https://files.pythonhosted.org/packages/91/8b/53d4a84de853b39940a0e35a6a2a9ed5f54cb05468daee95bc0fd1c2a178/cython-3.3.0-cp312-cp312-manylinux2014_aarch64.manylinux_2_17_aarch64.manylinux_2_28_aarch64.whl", hash = "sha256:7e321ae700995a16dc3055ada06ffb8d61e1a7434e5d0e811547a45ac1015ebd", size = 3258974, upload-time = "2026-08-22T05:17:09.908Z" },
    { url = "https://files.pythonhosted.org/packages/6a/4e/6b1c5a4e6bbe1726104de007aa2fdf01a3e2e386b4ec93c7be5f5085d53f/cython-3.3.0-cp312-cp312-manylinux2014_x86_64.manylinux_2_17_x86_64.manylinux_2_28_x86_64.whl", hash = "sha256:428fafed98ea26927000a287b4dfc9ef07339f56656a5329a34eaa593f79a4f8", size = 3412225, upload-time = "2026-08-22T05:17:12.281Z" },
    { url = "https://files.pythonhosted.org/packages/f4/9b/cd724d91c500116769bdb853450a2197ba3d640dbbe3b02fc54ebdfdbd1b/cython-3.3.0-cp312-cp312-win_amd64.whl", hash = "sha256:333449cc0350baedee5a6af27929eac8a71eac4ec59333c45ff476b33c6c660d", size = 2872123, upload-time = "2026-08-22T05:17:14.322Z" },
    { url = "https://files.pythonhosted.org/packages/2f/cc/abc977cf683140e372714acea42164ecfc5cd3d3984ed025860e6d830ee4/cython-3.3.0-cp313-cp313-macosx_11_0_arm64.whl", hash = "sha256:03056533fe4fdbc4f1d34a39178f9a4937ff35196f8bcdde2a67b5b5809c61fe", size = 3134892, upload-time = "2026-08-22T05:17:16.675Z" },
    { url = "https://files.pythonhosted.org/packages/a3/60/5367e7c80776a185ac11e0ea738fdaf18b9d0bc21d2c2bafc4d87eb19964/cython-3.3.0-cp313-cp313-manylinux2014_aarch64.manylinux_2_17_aarch64.manylinux_2_28_aarch64.whl", hash = "sha256:bc2f2a6b65a991666cfd35a35bab0cd88ffba4df2f601edb6e76cc8116de24b9", size = 3251835, upload-time = "2026-08-22T05:17:18.458Z" },
    { url = "https://files.pythonhosted.org/packages/bc/b8/fc595c60a7b6f5f08b4f6ad65e60688e8c61f76064ebe847eaf85d0c59fa/cython-3.3.0-cp313-cp313-manylinux2014_x86_64.manylinux_2_17_x86_64.manylinux_2_28_x86_64.whl", hash = "sha256:23942b0662642927a55676e4b26e6840fb166dd7d76436384685227e7e8619a4", size = 3407705, upload-time = "2026-08-22T05:17:20.387Z" },
    { url = "https://files.pythonhosted.org/packages/d8/d7/376572ff69ef39a9bdcd727124f6c38aa066300e97734a4902a3ae0d2af0/cython-3.3.0-cp313-cp313-win_amd64.whl", hash = "sha256:ab24d1a4fb6aaf0b5b6fcd75a6d70255fbd3130fa78884c26991f8d5502616b5", size = 2866216, upload-time = "2026-08-22T05:17:22.348Z" },
    { url = "https://files.pythonhosted.org/packages/8a/7f/e409f76bb955ecdcb746b80350b945fbb808846d797346d647a37e1790ca/cython-3.3.0-cp314-cp314-macosx_11_0_arm64.whl", hash = "sha256:0deedc2e9a5a664e1adfa4c2d310aa7b54903e1a647c274b6c9213f77a02d637", size = 3186700, upload-time = "2026-08-22T05:17:24.288Z" },
    { url = "https://files.pythonhosted.org/packages/0e/6b/4a623ab6e4a5b9814b22849665cb212273f9735399a7ebca4f3e8c254f1a/cython-3.3.0-cp314-cp314-manylinux2014_aarch64.manylinux_2_17_aarch64.manylinux_2_28_aarch64.whl", hash = "sha256:46072c0d404616b5e652a63882c79cc3f8a1d62635a8692f56ed0e416a4dfed8", size = 3330606, upload-time = "2026-08-22T05:17:26.041Z" },
    { url = "https://files.pythonhosted.org/packages/9f/57/6d620ebee4fc24d89340427702f6ceaf7b956511d1f2222a88c92c1a72b7/cython-3.3.0-cp314-cp314-manylinux2014_x86_64.manylinux_2_17_x86_64.manylinux_2_28_x86_64.whl", hash = "sha256:82f94565b6001bab8e31bf52a0911672910b5735910612a2c0f772c719670006", size = 3454681, upload-time = "2026-08-22T05:17:28.449Z" },
    { url = "https://files.pythonhosted.org/packages/73/4e/26e0a584d06c5b3f345df491d2546479606c89217627ee163f1aa55e899f/cython-3.3.0-cp314-cp314-win_amd64.whl", hash = "sha256:51999fb834365721b6c7f689cf6e2ec7c8667aae783df9eb5e589c290a414d9c", size = 2925966, upload-time = "2026-08-22T05:17:30.549Z" },
    { url = "https://files.pythonhosted.org/packages/ea/45/7f6988070013e16918e39b1b3dab9c5f2c8e404253a7fd10ee685bbd6902/cython-3.3.0-cp315-cp315-macosx_11_0_arm64.whl", hash = "sha256:596e8df019372a2cd417805015022d42cb8ee4e1803ccdc11ed00e451625fb66", size = 3177681, upload-time = "2026-08-22T05:17:32.523Z" },
    { url = "https://files.pythonhosted.org/packages/6e/5d/afb6866ab10236bb208dff0f172ea4b397c9693c5250280c4d9d26057218/cython-3.3.0-cp315-cp315-manylinux2014_aarch64.manylinux_2_17_aarch64.manylinux_2_28_aarch64.whl", hash = "sha256:4a36c34d1950845b8ac148653b07cdc62421a4b0d9abfcc849e69f1c4ff9919d", size = 3328312, upload-time = "2026-08-22T05:17:34.511Z" },
    { url = "https://files.pythonhosted.org/packages/c9/aa/4c0b6773ecf6bc1ec6cda7db8312a566611b330fb6dae87d740e44a47822/cython-3.3.0-cp315-cp315-manylinux2014_x86_64.manylinux_2_17_x86_64.manylinux_2_28_x86_64.whl", hash = "sha256:b447f6906e0555f05dc4742ef1f99091b1e5d9aa9f16616e772fbf9ff6271616", size = 3454285, upload-time = "2026-08-22T05:17:36.538Z" },
    { url = "https://files.pythonhosted.org/packages/44/bb/3e2631122f96300723d6fc42b9cf65550bdcda570a6ad5c4e0226e2e787c/cython-3.3.0-cp315-cp315-win_amd64.whl", hash = "sha256:b55c72e8eccdd508c8de3cf3bbc543aafbb3bf6a518e1ee20358d3241cd780ef", size = 2924709, upload-time = "2026-08-22T05:17:38.65Z" },
    { url = "https://files.pythonhosted.org/packages/14/59/bc1a84b434cb5bebb0cd6f50da8f239d35a5c141b20fdeafc2817fd87778/cython-3.3.0-cp39-abi3-macosx_10_9_x86_64.whl", hash = "sha256:e0d2713d2b292c826bc21dc8732bd9e47628103aa3764180c881e04b3fef95dc", size = 3063660, upload-time = "2026-08-22T05:17:40.923Z" },
    { url = "https://files.pythonhosted.org/packages/ba/6d/542e32908fb421d88354f327ed6450e14240f9825d25393065bc65f4723f/cython-3.3.0-cp39-abi3-manylinux1_i686.manylinux_2_28_i686.manylinux_2_5_i686.whl", hash = "sha256:169e56fd411f4cd5bba51c82f8239421d547a846099db2b261e4aed48ba9f51f", size = 3358395, upload-time = "2026-08-22T05:17:43.036Z" },
    { url = "https://files.pythonhosted.org/packages/9c/7c/ddaf197bc65b581e1891657940bc4f7cb1f740e822115e828920b3a119ce/cython-3.3.0-cp39-abi3-manylinux2014_armv7l.manylinux_2_17_armv7l.manylinux_2_31_armv7l.whl", hash = "sha256:29f38ebafdf23e3da2516f40c4d065da38bfe002181bf93e2b8cf1262449aba6", size = 3041760, upload-time = "2026-08-22T05:17:44.907Z" },
    { url = "https://files.pythonhosted.org/packages/19/a7/ae5ec3e34d43da846ed4c425734752d83aae0dae49feb929f09c90fc9afa/cython-3.3.0-cp39-abi3-musllinux_1_2_aarch64.whl", hash = "sha256:75c4ae8a6d3a5ccf3cdaba8ab32e6a8d0cd38e3a476aa7ac12df8f8171a8d570", size = 3156152, upload-time = "2026-08-22T05:17:46.884Z" },
    { url = "https://files.pythonhosted.org/packages/31/44/c60b601fc43f0b08e9d6f14b94e0dd02eb0ca8d60f46e242ace7191ac1be/cython-3.3.0-cp39-abi3-musllinux_1_2_armv7l.whl", hash = "sha256:b94fb5613b9fe34c27d13ec9972dc0dcd2a2155db2902e93921cadc162610a38", size = 3046690, upload-time = "2026-08-22T05:17:48.731Z" },
    { url = "https://files.pythonhosted.org/packages/b0/9e/d735c26ed907563d3365534006acb263651c2d3b87fee804f7a483dd1714/cython-3.3.0-cp39-abi3-musllinux_1_2_i686.whl", hash = "sha256:c4558ba85849ab65dc57e10fd0efb13fabd9d3c09981a2566e18dec7cf47586a", size = 3373534, upload-time = "2026-08-22T05:17:50.7Z" },
    { url = "https://files.pythonhosted.org/packages/e0/e8/aa7b4f3a28d6e8117c76e2cf78a0df7a503486cdf7243c5b53200c9533a1/cython-3.3.0-cp39-abi3-musllinux_1_2_x86_64.whl", hash = "sha256:311a016369adfd1e0015c4f9819168fc0e518451d7efb4435c30d65a3a26d52b", size = 3265110, upload-time = "2026-08-22T05:17:52.577Z" },
    { url = "https://files.pythonhosted.org/packages/9c/66/37892a8999d6bbd3f92d691a9701cb720c8ddd6171e16f5148eee6e8cb7f/cython-3.3.0-cp39-abi3-win32.whl", hash = "sha256:90869072e50b7c8904fe1dd7810321ae901fd5637a6eec6646ed9c57f9eb1081", size = 2587733, upload-time = "2026-08-22T05:17:54.547Z" },
    { url = "https://files.pythonhosted.org/packages/19/a2/5f4d305cbd4489d21570e5491ad5c483c478cdab032853e2125c280e3bd5/cython-3.3.0-cp39-abi3-win_arm64.whl", hash = "sha256:dce56c26d388f00a19426371b6926bf2f77c5c03b71d5273e4556c68be98c2dd", size = 2608078, upload-time = "2026-08-22T05:17:56.386Z" },
    { url = "https://files.pythonhosted.org/packages/bf/77/67b0b24e45073a699610e50f00c18474ff9b09ea29ecc95083bdf5e60acd/cython-3.3.0-py3-none-any.whl", hash = "sha256:9b24b5c8cd536946b62086fcafee6d5509d3f549f72d553d2336af87ffbe0da1", size = 1349151, upload-time = "2026-08-22T05:16:36.741Z" },
]

[[package]]
name = "cython-lint"
version = "0.21.0"
source = { registry = "https://pypi.org/simple" }
dependencies = [
    { name = "cython" },
    { name = "pycodestyle" },
    { name = "tokenize-rt" },
]
sdist = { url = "https://files.pythonhosted.org/packages/3e/fb/6f9faa66a488110e555667a4eb803c2b34abd2039d9974c9a971b22de413/cython_lint-0.21.0.tar.gz", hash = "sha256:d4c4e58fd3770fa7fb6db9084735be1d1ba2b9c01618f939ccb568033964beba", size = 29055, upload-time = "2026-06-21T11:36:44.421Z" }
wheels = [
    { url = "https://files.pythonhosted.org/packages/09/fa/94f7b38bdc810c31f0b817acecdb9eba1160105794a2fd9c563b6b22c190/cython_lint-0.21.0-py3-none-any.whl", hash = "sha256:49796d815fd1ca93b9dff15de30c502a99164519c6a36901584a7e41ac8132ac", size = 14263, upload-time = "2026-06-21T11:36:43.277Z" },
]

[[package]]
name = "dependency-groups"
version = "1.3.2"
source = { registry = "https://pypi.org/simple" }
dependencies = [
    { name = "packaging" },
]
sdist = { url = "https://files.pythonhosted.org/packages/b5/16/65e61d8e837e0d70a99a0d4dd76e2af53357c3a03ed1db8ad9b5786d7f25/dependency_groups-1.3.2.tar.gz", hash = "sha256:c81831f43828dbc3987ee247eb198241a0152b8e7ceab10977cc3808eb388ac7", size = 13309, upload-time = "2026-08-22T02:43:30.137Z" }
wheels = [
    { url = "https://files.pythonhosted.org/packages/a1/e4/da5f2f176050efcfb9222a76a3e81c41f69f775be8e563b76ca4292a134f/dependency_groups-1.3.2-py3-none-any.whl", hash = "sha256:8c337f7b92445823b0d0ea507f611390c58dcd2112be00aebcd738a2ca7a1c64", size = 9802, upload-time = "2026-08-22T02:43:28.853Z" },
]

[[package]]
name = "filelock"
version = "3.32.4"
source = { registry = "https://pypi.org/simple" }
sdist = { url = "https://files.pythonhosted.org/packages/6d/30/03b03951873a1a0ffc7e8ca0e10c15597b59e8d0e39260704cd2ea087bc4/filelock-3.32.4.tar.gz", hash = "sha256:2bde2e4cf732e0153406d8a7bc80620ecf5e621fe0d25e41143c4e3b4733ff30", size = 222126, upload-time = "2026-08-23T17:37:55.363Z" }
wheels = [
    { url = "https://files.pythonhosted.org/packages/01/a4/9b63d595d748e3aff8812b65eacc1a2c4bd90b7c2012e08e72373b4835eb/filelock-3.32.4-py3-none-any.whl", hash = "sha256:22e58ca3b1ae3b98993b762d7338367ae64fe50252bf78d59da3bfebcdf1cedd", size = 99864, upload-time = "2026-08-23T17:37:53.913Z" },
]

[[package]]
name = "humanize"
version = "4.16.0"
source = { registry = "https://pypi.org/simple" }
sdist = { url = "https://files.pythonhosted.org/packages/0a/ea/13a1ef3c12d12662905801495283530251918b70d62d368f1d2e0272c70d/humanize-4.16.0.tar.gz", hash = "sha256:7dc2244a2f84a4bfb1d36c37bac80cd78e35cdc5c119206d87b018e1445f3a3f", size = 89515, upload-time = "2026-06-30T16:17:29.859Z" }
wheels = [
    { url = "https://files.pythonhosted.org/packages/b0/aa/0b7365d30fed43e7a3449aba1fe20a0a7174d9cf13e282af4e69ac825441/humanize-4.16.0-py3-none-any.whl", hash = "sha256:353eb2f34c09d098b2880eee8bef21832eae6d174f48c5762fff7e5fcb74d01d", size = 137209, upload-time = "2026-06-30T16:17:28.36Z" },
]

[[package]]
name = "packaging"
version = "26.3"
source = { registry = "https://pypi.org/simple" }
sdist = { url = "https://files.pythonhosted.org/packages/7d/fa/3944b40b07da9ce895c0e6303a5ab7d53da063554f534556b134a54d6093/packaging-26.3.tar.gz", hash = "sha256:94edc256424af38762eb31306eed28beb9f0efc50a8837492c9d6fd6004aed79", size = 313412, upload-time = "2026-08-04T18:15:28.737Z" }
wheels = [
    { url = "https://files.pythonhosted.org/packages/63/34/ba1c580383c9eada3711951fef0795c80b829a078d72188184bcab9dd527/packaging-26.3-py3-none-any.whl", hash = "sha256:d7193f7c8e4e93f444fde0262bf90af30e16fa0ad0ad44cb553c87339b23cd1c", size = 129956, upload-time = "2026-08-04T18:15:27.159Z" },
]

[[package]]
name = "platformdirs"
version = "4.11.3"
source = { registry = "https://pypi.org/simple" }
sdist = { url = "https://files.pythonhosted.org/packages/b8/d7/e7bfbc86e9f99ff7807e24de7703f032e9c9ba80bb355cf26e0e9bc5a75e/platformdirs-4.11.3.tar.gz", hash = "sha256:66a73d38a849810252df809a3d8bcbda8e26f6c189920e7535ad608a48dbb5ab", size = 33050, upload-time = "2026-08-13T22:43:27.52Z" }
wheels = [
    { url = "https://files.pythonhosted.org/packages/19/a9/c34aebedd3a4c9afe5101b1b8713710b3fec18087c8a36c35d2f909861bd/platformdirs-4.11.3-py3-none-any.whl", hash = "sha256:5ed065d443751de711da036041a7a214122efc4a4de393b3f4137ba5576540e7", size = 23491, upload-time = "2026-08-13T22:43:26.121Z" },
]

[[package]]
name = "py-ballisticcalc-exts"
source = { editable = "." }

[package.optional-dependencies]
dev = [
    { name = "cython" },
    { name = "cython-lint" },
]

[package.dev-dependencies]
dev = [
    { name = "cibuildwheel" },
    { name = "cython" },
]

[package.metadata]
requires-dist = [
    { name = "cython", marker = "extra == 'dev'", specifier = ">=3.2.9" },
    { name = "cython-lint", marker = "extra == 'dev'", specifier = ">=0.21.0" },
]
provides-extras = ["dev"]

[package.metadata.requires-dev]
dev = [
    { name = "cibuildwheel", specifier = ">=4.1.1" },
    { name = "cython", specifier = ">=3.2.9" },
]

[[package]]
name = "pycodestyle"
version = "2.14.0"
source = { registry = "https://pypi.org/simple" }
sdist = { url = "https://files.pythonhosted.org/packages/11/e0/abfd2a0d2efe47670df87f3e3a0e2edda42f055053c85361f19c0e2c1ca8/pycodestyle-2.14.0.tar.gz", hash = "sha256:c4b5b517d278089ff9d0abdec919cd97262a3367449ea1c8b49b91529167b783", size = 39472, upload-time = "2025-06-20T18:49:48.75Z" }
wheels = [
    { url = "https://files.pythonhosted.org/packages/d7/27/a58ddaf8c588a3ef080db9d0b7e0b97215cee3a45df74f3a94dbbf5c893a/pycodestyle-2.14.0-py2.py3-none-any.whl", hash = "sha256:dd6bf7cb4ee77f8e016f9c8e74a35ddd9f67e1d5fd4184d86c3b98e07099f42d", size = 31594, upload-time = "2025-06-20T18:49:47.491Z" },
]

[[package]]
name = "pyproject-hooks"
version = "1.2.0"
source = { registry = "https://pypi.org/simple" }
sdist = { url = "https://files.pythonhosted.org/packages/e7/82/28175b2414effca1cdac8dc99f76d660e7a4fb0ceefa4b4ab8f5f6742925/pyproject_hooks-1.2.0.tar.gz", hash = "sha256:1e859bd5c40fae9448642dd871adf459e5e2084186e8d2c2a79a824c970da1f8", size = 19228, upload-time = "2024-09-29T09:24:13.293Z" }
wheels = [
    { url = "https://files.pythonhosted.org/packages/bd/24/12818598c362d7f300f18e74db45963dbcb85150324092410c8b49405e42/pyproject_hooks-1.2.0-py3-none-any.whl", hash = "sha256:9e5c6bfa8dcc30091c74b0cf803c81fdd29d94f01992a7707bc97babb1141913", size = 10216, upload-time = "2024-09-29T09:24:11.978Z" },
]

[[package]]
name = "tokenize-rt"
version = "6.2.0"
source = { registry = "https://pypi.org/simple" }
sdist = { url = "https://files.pythonhosted.org/packages/69/ed/8f07e893132d5051d86a553e749d5c89b2a4776eb3a579b72ed61f8559ca/tokenize_rt-6.2.0.tar.gz", hash = "sha256:8439c042b330c553fdbe1758e4a05c0ed460dbbbb24a606f11f0dee75da4cad6", size = 5476, upload-time = "2025-05-23T23:48:00.035Z" }
wheels = [
    { url = "https://files.pythonhosted.org/packages/33/f0/3fe8c6e69135a845f4106f2ff8b6805638d4e85c264e70114e8126689587/tokenize_rt-6.2.0-py2.py3-none-any.whl", hash = "sha256:a152bf4f249c847a66497a4a95f63376ed68ac6abf092a2f7cfb29d044ecff44", size = 6004, upload-time = "2025-05-23T23:47:58.812Z" },
]
